// !$*UTF8*$!
{
	archiveVersion = 1;
	classes = {
	};
	objectVersion = 46;
	objects = {

/* Begin PBXBuildFile section */
		B3D86CCB1D3A41EC00AEE5E5 /* AppDelegate.swift in Sources */ = {isa = PBXBuildFile; fileRef = B3D86CCA1D3A41EC00AEE5E5 /* AppDelegate.swift */; };
		B3D86CCD1D3A41EC00AEE5E5 /* ViewController.swift in Sources */ = {isa = PBXBuildFile; fileRef = B3D86CCC1D3A41EC00AEE5E5 /* ViewController.swift */; };
		B3D86CD01D3A41EC00AEE5E5 /* Main.storyboard in Resources */ = {isa = PBXBuildFile; fileRef = B3D86CCE1D3A41EC00AEE5E5 /* Main.storyboard */; };
		B3D86CD21D3A41EC00AEE5E5 /* Assets.xcassets in Resources */ = {isa = PBXBuildFile; fileRef = B3D86CD11D3A41EC00AEE5E5 /* Assets.xcassets */; };
		B3D86CD51D3A41EC00AEE5E5 /* LaunchScreen.storyboard in Resources */ = {isa = PBXBuildFile; fileRef = B3D86CD31D3A41EC00AEE5E5 /* LaunchScreen.storyboard */; };
		B3D86CDD1D3A421600AEE5E5 /* Overlayer.framework in Frameworks */ = {isa = PBXBuildFile; fileRef = B3D86CDC1D3A421600AEE5E5 /* Overlayer.framework */; };
		B3D86CDE1D3A421600AEE5E5 /* Overlayer.framework in Embed Frameworks */ = {isa = PBXBuildFile; fileRef = B3D86CDC1D3A421600AEE5E5 /* Overlayer.framework */; settings = {ATTRIBUTES = (CodeSignOnCopy, RemoveHeadersOnCopy, ); }; };
/* End PBXBuildFile section */

/* Begin PBXCopyFilesBuildPhase section */
		B3D86CDF1D3A421600AEE5E5 /* Embed Frameworks */ = {
			isa = PBXCopyFilesBuildPhase;
			buildActionMask = 2147483647;
			dstPath = "";
			dstSubfolderSpec = 10;
			files = (
				B3D86CDE1D3A421600AEE5E5 /* Overlayer.framework in Embed Frameworks */,
			);
			name = "Embed Frameworks";
			runOnlyForDeploymentPostprocessing = 0;
		};
/* End PBXCopyFilesBuildPhase section */

/* Begin PBXFileReference section */
		B3D86CC71D3A41EC00AEE5E5 /* Overlayer Test App.app */ = {isa = PBXFileReference; explicitFileType = wrapper.application; includeInIndex = 0; path = "Overlayer Test App.app"; sourceTree = BUILT_PRODUCTS_DIR; };
		B3D86CCA1D3A41EC00AEE5E5 /* AppDelegate.swift */ = {isa = PBXFileReference; lastKnownFileType = sourcecode.swift; path = AppDelegate.swift; sourceTree = "<group>"; };
		B3D86CCC1D3A41EC00AEE5E5 /* ViewController.swift */ = {isa = PBXFileReference; lastKnownFileType = sourcecode.swift; path = ViewController.swift; sourceTree = "<group>"; };
		B3D86CCF1D3A41EC00AEE5E5 /* Base */ = {isa = PBXFileReference; lastKnownFileType = file.storyboard; name = Base; path = Base.lproj/Main.storyboard; sourceTree = "<group>"; };
		B3D86CD11D3A41EC00AEE5E5 /* Assets.xcassets */ = {isa = PBXFileReference; lastKnownFileType = folder.assetcatalog; path = Assets.xcassets; sourceTree = "<group>"; };
		B3D86CD41D3A41EC00AEE5E5 /* Base */ = {isa = PBXFileReference; lastKnownFileType = file.storyboard; name = Base; path = Base.lproj/LaunchScreen.storyboard; sourceTree = "<group>"; };
		B3D86CD61D3A41EC00AEE5E5 /* Info.plist */ = {isa = PBXFileReference; lastKnownFileType = text.plist.xml; path = Info.plist; sourceTree = "<group>"; };
		B3D86CDC1D3A421600AEE5E5 /* Overlayer.framework */ = {isa = PBXFileReference; explicitFileType = wrapper.framework; name = Overlayer.framework; path = "/Volumes/ramdisk/Overlayer-gvvrvuqiicleibbfxzdzsjkujqht/Build/Products/Debug-iphoneos/Overlayer.framework"; sourceTree = "<absolute>"; };
/* End PBXFileReference section */

/* Begin PBXFrameworksBuildPhase section */
		B3D86CC41D3A41EC00AEE5E5 /* Frameworks */ = {
			isa = PBXFrameworksBuildPhase;
			buildActionMask = 2147483647;
			files = (
				B3D86CDD1D3A421600AEE5E5 /* Overlayer.framework in Frameworks */,
			);
			runOnlyForDeploymentPostprocessing = 0;
		};
/* End PBXFrameworksBuildPhase section */

/* Begin PBXGroup section */
		B3D86CBE1D3A41EC00AEE5E5 = {
			isa = PBXGroup;
			children = (
				B3D86CDC1D3A421600AEE5E5 /* Overlayer.framework */,
				B3D86CC91D3A41EC00AEE5E5 /* Overlayer Test App */,
				B3D86CC81D3A41EC00AEE5E5 /* Products */,
			);
			sourceTree = "<group>";
		};
		B3D86CC81D3A41EC00AEE5E5 /* Products */ = {
			isa = PBXGroup;
			children = (
				B3D86CC71D3A41EC00AEE5E5 /* Overlayer Test App.app */,
			);
			name = Products;
			sourceTree = "<group>";
		};
		B3D86CC91D3A41EC00AEE5E5 /* Overlayer Test App */ = {
			isa = PBXGroup;
			children = (
				B3D86CCA1D3A41EC00AEE5E5 /* AppDelegate.swift */,
				B3D86CCC1D3A41EC00AEE5E5 /* ViewController.swift */,
				B3D86CCE1D3A41EC00AEE5E5 /* Main.storyboard */,
				B3D86CD11D3A41EC00AEE5E5 /* Assets.xcassets */,
				B3D86CD31D3A41EC00AEE5E5 /* LaunchScreen.storyboard */,
				B3D86CD61D3A41EC00AEE5E5 /* Info.plist */,
			);
			path = "Overlayer Test App";
			sourceTree = "<group>";
		};
/* End PBXGroup section */

/* Begin PBXNativeTarget section */
		B3D86CC61D3A41EC00AEE5E5 /* Overlayer Test App */ = {
			isa = PBXNativeTarget;
			buildConfigurationList = B3D86CD91D3A41EC00AEE5E5 /* Build configuration list for PBXNativeTarget "Overlayer Test App" */;
			buildPhases = (
				B3D86CC31D3A41EC00AEE5E5 /* Sources */,
				B3D86CC41D3A41EC00AEE5E5 /* Frameworks */,
				B3D86CC51D3A41EC00AEE5E5 /* Resources */,
				B3D86CDF1D3A421600AEE5E5 /* Embed Frameworks */,
			);
			buildRules = (
			);
			dependencies = (
			);
			name = "Overlayer Test App";
			productName = "Overlayer Test App";
			productReference = B3D86CC71D3A41EC00AEE5E5 /* Overlayer Test App.app */;
			productType = "com.apple.product-type.application";
		};
/* End PBXNativeTarget section */

/* Begin PBXProject section */
		B3D86CBF1D3A41EC00AEE5E5 /* Project object */ = {
			isa = PBXProject;
			attributes = {
				LastSwiftUpdateCheck = 0800;
				LastUpgradeCheck = 0800;
				ORGANIZATIONNAME = "アンドレ";
				TargetAttributes = {
					B3D86CC61D3A41EC00AEE5E5 = {
						CreatedOnToolsVersion = 8.0;
						DevelopmentTeam = KPBMY72PJU;
						DevelopmentTeamName = "Andre Elder";
						LastSwiftMigration = 0800;
						ProvisioningStyle = Automatic;
					};
				};
			};
			buildConfigurationList = B3D86CC21D3A41EC00AEE5E5 /* Build configuration list for PBXProject "Overlayer Test App" */;
			compatibilityVersion = "Xcode 3.2";
			developmentRegion = English;
			hasScannedForEncodings = 0;
			knownRegions = (
				en,
				Base,
			);
			mainGroup = B3D86CBE1D3A41EC00AEE5E5;
			productRefGroup = B3D86CC81D3A41EC00AEE5E5 /* Products */;
			projectDirPath = "";
			projectRoot = "";
			targets = (
				B3D86CC61D3A41EC00AEE5E5 /* Overlayer Test App */,
			);
		};
/* End PBXProject section */

/* Begin PBXResourcesBuildPhase section */
		B3D86CC51D3A41EC00AEE5E5 /* Resources */ = {
			isa = PBXResourcesBuildPhase;
			buildActionMask = 2147483647;
			files = (
				B3D86CD51D3A41EC00AEE5E5 /* LaunchScreen.storyboard in Resources */,
				B3D86CD21D3A41EC00AEE5E5 /* Assets.xcassets in Resources */,
				B3D86CD01D3A41EC00AEE5E5 /* Main.storyboard in Resources */,
			);
			runOnlyForDeploymentPostprocessing = 0;
		};
/* End PBXResourcesBuildPhase section */

/* Begin PBXSourcesBuildPhase section */
		B3D86CC31D3A41EC00AEE5E5 /* Sources */ = {
			isa = PBXSourcesBuildPhase;
			buildActionMask = 2147483647;
			files = (
				B3D86CCD1D3A41EC00AEE5E5 /* ViewController.swift in Sources */,
				B3D86CCB1D3A41EC00AEE5E5 /* AppDelegate.swift in Sources */,
			);
			runOnlyForDeploymentPostprocessing = 0;
		};
/* End PBXSourcesBuildPhase section */

/* Begin PBXVariantGroup section */
		B3D86CCE1D3A41EC00AEE5E5 /* Main.storyboard */ = {
			isa = PBXVariantGroup;
			children = (
				B3D86CCF1D3A41EC00AEE5E5 /* Base */,
			);
			name = Main.storyboard;
			sourceTree = "<group>";
		};
		B3D86CD31D3A41EC00AEE5E5 /* LaunchScreen.storyboard */ = {
			isa = PBXVariantGroup;
			children = (
				B3D86CD41D3A41EC00AEE5E5 /* Base */,
			);
			name = LaunchScreen.storyboard;
			sourceTree = "<group>";
		};
/* End PBXVariantGroup section */

/* Begin XCBuildConfiguration section */
		B3D86CD71D3A41EC00AEE5E5 /* Debug */ = {
			isa = XCBuildConfiguration;
			buildSettings = {
				ALWAYS_SEARCH_USER_PATHS = NO;
				CLANG_ANALYZER_NONNULL = YES;
				CLANG_CXX_LANGUAGE_STANDARD = "gnu++0x";
				CLANG_CXX_LIBRARY = "libc++";
				CLANG_ENABLE_MODULES = YES;
				CLANG_ENABLE_OBJC_ARC = YES;
				CLANG_WARN_BOOL_CONVERSION = YES;
				CLANG_WARN_CONSTANT_CONVERSION = YES;
				CLANG_WARN_DIRECT_OBJC_ISA_USAGE = YES_ERROR;
				CLANG_WARN_DOCUMENTATION_COMMENTS = YES;
				CLANG_WARN_EMPTY_BODY = YES;
				CLANG_WARN_ENUM_CONVERSION = YES;
				CLANG_WARN_INFINITE_RECURSION = YES;
				CLANG_WARN_INT_CONVERSION = YES;
				CLANG_WARN_OBJC_ROOT_CLASS = YES_ERROR;
				CLANG_WARN_SUSPICIOUS_MOVE = YES;
				CLANG_WARN_UNREACHABLE_CODE = YES;
				CLANG_WARN__DUPLICATE_METHOD_MATCH = YES;
				"CODE_SIGN_IDENTITY[sdk=iphoneos*]" = "iPhone Developer";
				COPY_PHASE_STRIP = NO;
				DEBUG_INFORMATION_FORMAT = dwarf;
				ENABLE_STRICT_OBJC_MSGSEND = YES;
				ENABLE_TESTABILITY = YES;
				GCC_C_LANGUAGE_STANDARD = gnu99;
				GCC_DYNAMIC_NO_PIC = NO;
				GCC_NO_COMMON_BLOCKS = YES;
				GCC_OPTIMIZATION_LEVEL = 0;
				GCC_PREPROCESSOR_DEFINITIONS = (
					"DEBUG=1",
					"$(inherited)",
				);
				GCC_WARN_64_TO_32_BIT_CONVERSION = YES;
				GCC_WARN_ABOUT_RETURN_TYPE = YES_ERROR;
				GCC_WARN_UNDECLARED_SELECTOR = YES;
				GCC_WARN_UNINITIALIZED_AUTOS = YES_AGGRESSIVE;
				GCC_WARN_UNUSED_FUNCTION = YES;
				GCC_WARN_UNUSED_VARIABLE = YES;
				IPHONEOS_DEPLOYMENT_TARGET = 10.0;
				MTL_ENABLE_DEBUG_INFO = YES;
				ONLY_ACTIVE_ARCH = YES;
				SDKROOT = iphoneos;
				SWIFT_ACTIVE_COMPILATION_CONDITIONS = DEBUG;
				SWIFT_OPTIMIZATION_LEVEL = "-Onone";
				TARGETED_DEVICE_FAMILY = "1,2";
			};
			name = Debug;
		};
		B3D86CD81D3A41EC00AEE5E5 /* Release */ = {
			isa = XCBuildConfiguration;
			buildSettings = {
				ALWAYS_SEARCH_USER_PATHS = NO;
				CLANG_ANALYZER_NONNULL = YES;
				CLANG_CXX_LANGUAGE_STANDARD = "gnu++0x";
				CLANG_CXX_LIBRARY = "libc++";
				CLANG_ENABLE_MODULES = YES;
				CLANG_ENABLE_OBJC_ARC = YES;
				CLANG_WARN_BOOL_CONVERSION = YES;
				CLANG_WARN_CONSTANT_CONVERSION = YES;
				CLANG_WARN_DIRECT_OBJC_ISA_USAGE = YES_ERROR;
				CLANG_WARN_DOCUMENTATION_COMMENTS = YES;
				CLANG_WARN_EMPTY_BODY = YES;
				CLANG_WARN_ENUM_CONVERSION = YES;
				CLANG_WARN_INFINITE_RECURSION = YES;
				CLANG_WARN_INT_CONVERSION = YES;
				CLANG_WARN_OBJC_ROOT_CLASS = YES_ERROR;
				CLANG_WARN_SUSPICIOUS_MOVE = YES;
				CLANG_WARN_UNREACHABLE_CODE = YES;
				CLANG_WARN__DUPLICATE_METHOD_MATCH = YES;
				"CODE_SIGN_IDENTITY[sdk=iphoneos*]" = "iPhone Developer";
				COPY_PHASE_STRIP = NO;
				DEBUG_INFORMATION_FORMAT = "dwarf-with-dsym";
				ENABLE_NS_ASSERTIONS = NO;
				ENABLE_STRICT_OBJC_MSGSEND = YES;
				GCC_C_LANGUAGE_STANDARD = gnu99;
				GCC_NO_COMMON_BLOCKS = YES;
				GCC_WARN_64_TO_32_BIT_CONVERSION = YES;
				GCC_WARN_ABOUT_RETURN_TYPE = YES_ERROR;
				GCC_WARN_UNDECLARED_SELECTOR = YES;
				GCC_WARN_UNINITIALIZED_AUTOS = YES_AGGRESSIVE;
				GCC_WARN_UNUSED_FUNCTION = YES;
				GCC_WARN_UNUSED_VARIABLE = YES;
				IPHONEOS_DEPLOYMENT_TARGET = 10.0;
				MTL_ENABLE_DEBUG_INFO = NO;
				SDKROOT = iphoneos;
				SWIFT_OPTIMIZATION_LEVEL = "-Owholemodule";
				TARGETED_DEVICE_FAMILY = "1,2";
				VALIDATE_PRODUCT = YES;
			};
			name = Release;
		};
		B3D86CDA1D3A41EC00AEE5E5 /* Debug */ = {
			isa = XCBuildConfiguration;
			buildSettings = {
				ASSETCATALOG_COMPILER_APPICON_NAME = AppIcon;
				INFOPLIST_FILE = "Overlayer Test App/Info.plist";
				IPHONEOS_DEPLOYMENT_TARGET = 9.3;
				LD_RUNPATH_SEARCH_PATHS = "$(inherited) @executable_path/Frameworks";
				PRODUCT_BUNDLE_IDENTIFIER = "com.andore.Overlayer-Test-App";
				PRODUCT_NAME = "$(TARGET_NAME)";
				SWIFT_VERSION = 3.0;
			};
			name = Debug;
		};
		B3D86CDB1D3A41EC00AEE5E5 /* Release */ = {
			isa = XCBuildConfiguration;
			buildSettings = {
				ASSETCATALOG_COMPILER_APPICON_NAME = AppIcon;
				INFOPLIST_FILE = "Overlayer Test App/Info.plist";
				IPHONEOS_DEPLOYMENT_TARGET = 9.3;
				LD_RUNPATH_SEARCH_PATHS = "$(inherited) @executable_path/Frameworks";
				PRODUCT_BUNDLE_IDENTIFIER = "com.andore.Overlayer-Test-App";
				PRODUCT_NAME = "$(TARGET_NAME)";
				SWIFT_VERSION = 3.0;
			};
			name = Release;
		};
/* End XCBuildConfiguration section */

/* Begin XCConfigurationList section */
		B3D86CC21D3A41EC00AEE5E5 /* Build configuration list for PBXProject "Overlayer Test App" */ = {
			isa = XCConfigurationList;
			buildConfigurations = (
				B3D86CD71D3A41EC00AEE5E5 /* Debug */,
				B3D86CD81D3A41EC00AEE5E5 /* Release */,
			);
			defaultConfigurationIsVisible = 0;
			defaultConfigurationName = Release;
		};
		B3D86CD91D3A41EC00AEE5E5 /* Build configuration list for PBXNativeTarget "Overlayer Test App" */ = {
			isa = XCConfigurationList;
			buildConfigurations = (
				B3D86CDA1D3A41EC00AEE5E5 /* Debug */,
				B3D86CDB1D3A41EC00AEE5E5 /* Release */,
			);
			defaultConfigurationIsVisible = 0;
			defaultConfigurationName = Release;
		};
/* End XCConfigurationList section */
	};
	rootObject = B3D86CBF1D3A41EC00AEE5E5 /* Project object */;
}
